
Microsoft Visual Studio Solution File, Format Version 12.00
# Visual Studio Version 16
VisualStudioVersion = 16.0.30011.22
MinimumVisualStudioVersion = 10.0.40219.1
Project("{9A19103F-16F7-4668-BE54-9A1E7A4F7556}") = "MyApp.Api", "MyApp.Api\MyApp.Api.csproj", "{5675748D-AE6D-418C-8296-A474BAD858EF}"
EndProject
Project("{9A19103F-16F7-4668-BE54-9A1E7A4F7556}") = "MyApp.DAL", "MyApp.DAL\MyApp.DAL.csproj", "{30061DF1-E153-41A4-BA0C-4EFE773E6F0A}"
EndProject
Project("{9A19103F-16F7-4668-BE54-9A1E7A4F7556}") = "MyApp.Facade", "MyApp.Facade\MyApp.Facade.csproj", "{A119EB99-7904-46CA-9FD9-15C5FC468107}"
EndProject
Global
	GlobalSection(SolutionConfigurationPlatforms) = preSolution
		Debug|Any CPU = Debug|Any CPU
		Release|Any CPU = Release|Any CPU
	EndGlobalSection
	GlobalSection(ProjectConfigurationPlatforms) = postSolution
		{5675748D-AE6D-418C-8296-A474BAD858EF}.Debug|Any CPU.ActiveCfg = Debug|Any CPU
		{5675748D-AE6D-418C-8296-A474BAD858EF}.Debug|Any CPU.Build.0 = Debug|Any CPU
		{5675748D-AE6D-418C-8296-A474BAD858EF}.Release|Any CPU.ActiveCfg = Release|Any CPU
		{5675748D-AE6D-418C-8296-A474BAD858EF}.Release|Any CPU.Build.0 = Release|Any CPU
		{30061DF1-E153-41A4-BA0C-4EFE773E6F0A}.Debug|Any CPU.ActiveCfg = Debug|Any CPU
		{30061DF1-E153-41A4-BA0C-4EFE773E6F0A}.Debug|Any CPU.Build.0 = Debug|Any CPU
		{30061DF1-E153-41A4-BA0C-4EFE773E6F0A}.Release|Any CPU.ActiveCfg = Release|Any CPU
		{30061DF1-E153-41A4-BA0C-4EFE773E6F0A}.Release|Any CPU.Build.0 = Release|Any CPU
		{A119EB99-7904-46CA-9FD9-15C5FC468107}.Debug|Any CPU.ActiveCfg = Debug|Any CPU
		{A119EB99-7904-46CA-9FD9-15C5FC468107}.Debug|Any CPU.Build.0 = Debug|Any CPU
		{A119EB99-7904-46CA-9FD9-15C5FC468107}.Release|Any CPU.ActiveCfg = Release|Any CPU
		{A119EB99-7904-46CA-9FD9-15C5FC468107}.Release|Any CPU.Build.0 = Release|Any CPU
	EndGlobalSection
	GlobalSection(SolutionProperties) = preSolution
		HideSolutionNode = FALSE
	EndGlobalSection
	GlobalSection(ExtensibilityGlobals) = postSolution
		SolutionGuid = {90141345-98C4-492F-8E90-3C13AB3B315B}
	EndGlobalSection
EndGlobal
